// !$*UTF8*$!
{
	archiveVersion = 1;
	classes = {
	};
	objectVersion = 77;
	objects = {

/* Begin PBXBuildFile section */
		0A08253C257EFA96D872656A /* ADVANCED_SOURCE_DETECTION.md in Resources */ = {isa = PBXBuildFile; fileRef = A5CF20A3B96B29465936AFEE /* ADVANCED_SOURCE_DETECTION.md */; };
		0E0F0FC9DA76762955194DD4 /* ShareViewController.swift in Sources */ = {isa = PBXBuildFile; fileRef = 16A7BD1420F8B341109D5C72 /* ShareViewController.swift */; };
		27863B999F683D7876F90C95 /* Settings.bundle in Resources */ = {isa = PBXBuildFile; fileRef = 33D8DD54310EA569EB129319 /* Settings.bundle */; };
		2A37692E49B7D3607E421AD4 /* SOURCE_APP_DETECTION.md in Resources */ = {isa = PBXBuildFile; fileRef = 7054924656E4C9A9987FA009 /* SOURCE_APP_DETECTION.md */; };
		432C812830547894541B48BC /* SOURCE_DETECTION_SUMMARY.md in Resources */ = {isa = PBXBuildFile; fileRef = 467312E298AC84694DC373B9 /* SOURCE_DETECTION_SUMMARY.md */; };
		5218969016F6F3E11ADC36E3 /* ShareManagerApp.swift in Sources */ = {isa = PBXBuildFile; fileRef = BC82A2EB7B0A82D3707A310E /* ShareManagerApp.swift */; };
		5B310E834006A77D38F717AB /* EXPLORATION_COMPLETE_SUMMARY.md in Resources */ = {isa = PBXBuildFile; fileRef = 244725878BB72D2D102FCA9F /* EXPLORATION_COMPLETE_SUMMARY.md */; };
		5D9FF3841E974C3BDECF73B8 /* ShareExtension.appex in Embed Foundation Extensions */ = {isa = PBXBuildFile; fileRef = 8D98EB7FEBC75E5BB328B6BA /* ShareExtension.appex */; settings = {ATTRIBUTES = (RemoveHeadersOnCopy, ); }; };
		64CDB7C279E2267D2870E0D9 /* DATA_EXPLORATION_GUIDE.md in Resources */ = {isa = PBXBuildFile; fileRef = 3BBD327A9959ED3B45D343C4 /* DATA_EXPLORATION_GUIDE.md */; };
		7E1E3BA274687A015FC01638 /* ContentView.swift in Sources */ = {isa = PBXBuildFile; fileRef = F9872D8F564F43DECA669D2A /* ContentView.swift */; };
		8B90D295ED38E0CE280B8CF3 /* AppIconGenerator.swift in Sources */ = {isa = PBXBuildFile; fileRef = 8D5E0EC954632EBA18D90B7B /* AppIconGenerator.swift */; };
		91E95771B724047F7C7C7147 /* Assets.xcassets in Resources */ = {isa = PBXBuildFile; fileRef = 5D549118BD86F4068A086100 /* Assets.xcassets */; };
		A269A5FDC5A0726FDBBDFD6F /* AppIcon.png in Resources */ = {isa = PBXBuildFile; fileRef = 74EB5150C0D9F2CE8A3FEEA1 /* AppIcon.png */; };
		CC3D7B3B51888FC57A1E446E /* Localizable.xcstrings in Resources */ = {isa = PBXBuildFile; fileRef = 58406F065941244D197D8D3F /* Localizable.xcstrings */; };
		CD8C4EB8AA56286F4979B828 /* Localizable.xcstrings in Resources */ = {isa = PBXBuildFile; fileRef = 7CD2D8152FABA22FE13AAAFB /* Localizable.xcstrings */; };
		D78BAD4894E8FD9ED17F0BC6 /* generate_icon.py in Resources */ = {isa = PBXBuildFile; fileRef = C01BABE662A4A12B620A9167 /* generate_icon.py */; };
		E1EDAA0A3A058ADA5F86F567 /* README_ICON.md in Resources */ = {isa = PBXBuildFile; fileRef = 7842681959DD896F961A5E17 /* README_ICON.md */; };
		E473241D4661EC9329AC60FC /* VISUAL_FLOW.txt in Resources */ = {isa = PBXBuildFile; fileRef = E6D0F5A531CD62494B24A6C6 /* VISUAL_FLOW.txt */; };
		F25A385CF1CAC22811D7E20A /* README_SOURCE_DETECTION.md in Resources */ = {isa = PBXBuildFile; fileRef = F411F14152F290C4C19C83EE /* README_SOURCE_DETECTION.md */; };
/* End PBXBuildFile section */

/* Begin PBXContainerItemProxy section */
		02CCE7582A5B95BB042B8C12 /* PBXContainerItemProxy */ = {
			isa = PBXContainerItemProxy;
			containerPortal = 855950FC3B74DA3B20CFA8FD /* Project object */;
			proxyType = 1;
			remoteGlobalIDString = 416B527457A2734EE6CEE903;
			remoteInfo = ShareExtension;
		};
/* End PBXContainerItemProxy section */

/* Begin PBXCopyFilesBuildPhase section */
		80B89FA1A2A99E71EDC69F4D /* Embed Foundation Extensions */ = {
			isa = PBXCopyFilesBuildPhase;
			buildActionMask = 2147483647;
			dstPath = "";
			dstSubfolderSpec = 13;
			files = (
				5D9FF3841E974C3BDECF73B8 /* ShareExtension.appex in Embed Foundation Extensions */,
			);
			name = "Embed Foundation Extensions";
			runOnlyForDeploymentPostprocessing = 0;
		};
/* End PBXCopyFilesBuildPhase section */

/* Begin PBXFileReference section */
		0DE871E55F2A8CE83804710B /* ShareManager.entitlements */ = {isa = PBXFileReference; lastKnownFileType = text.plist.entitlements; path = ShareManager.entitlements; sourceTree = "<group>"; };
		157ABC405EA150CF49419AF0 /* ShareManager.app */ = {isa = PBXFileReference; includeInIndex = 0; lastKnownFileType = wrapper.application; path = ShareManager.app; sourceTree = BUILT_PRODUCTS_DIR; };
		16A7BD1420F8B341109D5C72 /* ShareViewController.swift */ = {isa = PBXFileReference; lastKnownFileType = sourcecode.swift; path = ShareViewController.swift; sourceTree = "<group>"; };
		244725878BB72D2D102FCA9F /* EXPLORATION_COMPLETE_SUMMARY.md */ = {isa = PBXFileReference; lastKnownFileType = net.daringfireball.markdown; path = EXPLORATION_COMPLETE_SUMMARY.md; sourceTree = "<group>"; };
		33D8DD54310EA569EB129319 /* Settings.bundle */ = {isa = PBXFileReference; lastKnownFileType = wrapper.cfbundle; path = Settings.bundle; sourceTree = "<group>"; };
		3BBD327A9959ED3B45D343C4 /* DATA_EXPLORATION_GUIDE.md */ = {isa = PBXFileReference; lastKnownFileType = net.daringfireball.markdown; path = DATA_EXPLORATION_GUIDE.md; sourceTree = "<group>"; };
		467312E298AC84694DC373B9 /* SOURCE_DETECTION_SUMMARY.md */ = {isa = PBXFileReference; lastKnownFileType = net.daringfireball.markdown; path = SOURCE_DETECTION_SUMMARY.md; sourceTree = "<group>"; };
		58406F065941244D197D8D3F /* Localizable.xcstrings */ = {isa = PBXFileReference; lastKnownFileType = text.json.xcstrings; path = Localizable.xcstrings; sourceTree = "<group>"; };
		5D549118BD86F4068A086100 /* Assets.xcassets */ = {isa = PBXFileReference; lastKnownFileType = folder.assetcatalog; path = Assets.xcassets; sourceTree = "<group>"; };
		7054924656E4C9A9987FA009 /* SOURCE_APP_DETECTION.md */ = {isa = PBXFileReference; lastKnownFileType = net.daringfireball.markdown; path = SOURCE_APP_DETECTION.md; sourceTree = "<group>"; };
		74EB5150C0D9F2CE8A3FEEA1 /* AppIcon.png */ = {isa = PBXFileReference; lastKnownFileType = image.png; path = AppIcon.png; sourceTree = "<group>"; };
		7842681959DD896F961A5E17 /* README_ICON.md */ = {isa = PBXFileReference; lastKnownFileType = net.daringfireball.markdown; path = README_ICON.md; sourceTree = "<group>"; };
		7CD2D8152FABA22FE13AAAFB /* Localizable.xcstrings */ = {isa = PBXFileReference; lastKnownFileType = text.json.xcstrings; path = Localizable.xcstrings; sourceTree = "<group>"; };
		8D5E0EC954632EBA18D90B7B /* AppIconGenerator.swift */ = {isa = PBXFileReference; lastKnownFileType = sourcecode.swift; path = AppIconGenerator.swift; sourceTree = "<group>"; };
		8D98EB7FEBC75E5BB328B6BA /* ShareExtension.appex */ = {isa = PBXFileReference; includeInIndex = 0; lastKnownFileType = "wrapper.app-extension"; path = ShareExtension.appex; sourceTree = BUILT_PRODUCTS_DIR; };
		8F1FC9FE27ECDD5ECB53E929 /* Info.plist */ = {isa = PBXFileReference; lastKnownFileType = text.plist; path = Info.plist; sourceTree = "<group>"; };
		A52240337BC75323FE4A0364 /* Info.plist */ = {isa = PBXFileReference; lastKnownFileType = text.plist; path = Info.plist; sourceTree = "<group>"; };
		A5CF20A3B96B29465936AFEE /* ADVANCED_SOURCE_DETECTION.md */ = {isa = PBXFileReference; lastKnownFileType = net.daringfireball.markdown; path = ADVANCED_SOURCE_DETECTION.md; sourceTree = "<group>"; };
		BC82A2EB7B0A82D3707A310E /* ShareManagerApp.swift */ = {isa = PBXFileReference; lastKnownFileType = sourcecode.swift; path = ShareManagerApp.swift; sourceTree = "<group>"; };
		C01BABE662A4A12B620A9167 /* generate_icon.py */ = {isa = PBXFileReference; lastKnownFileType = text.script.python; path = generate_icon.py; sourceTree = "<group>"; };
		C34638B264B0520CA36D73FE /* ShareExtension.entitlements */ = {isa = PBXFileReference; lastKnownFileType = text.plist.entitlements; path = ShareExtension.entitlements; sourceTree = "<group>"; };
		E6D0F5A531CD62494B24A6C6 /* VISUAL_FLOW.txt */ = {isa = PBXFileReference; lastKnownFileType = text; path = VISUAL_FLOW.txt; sourceTree = "<group>"; };
		F411F14152F290C4C19C83EE /* README_SOURCE_DETECTION.md */ = {isa = PBXFileReference; lastKnownFileType = net.daringfireball.markdown; path = README_SOURCE_DETECTION.md; sourceTree = "<group>"; };
		F9872D8F564F43DECA669D2A /* ContentView.swift */ = {isa = PBXFileReference; lastKnownFileType = sourcecode.swift; path = ContentView.swift; sourceTree = "<group>"; };
/* End PBXFileReference section */

/* Begin PBXGroup section */
		02192301E27377FF8434F009 /* ShareExtension */ = {
			isa = PBXGroup;
			children = (
				A52240337BC75323FE4A0364 /* Info.plist */,
				58406F065941244D197D8D3F /* Localizable.xcstrings */,
				C34638B264B0520CA36D73FE /* ShareExtension.entitlements */,
				16A7BD1420F8B341109D5C72 /* ShareViewController.swift */,
			);
			path = ShareExtension;
			sourceTree = "<group>";
		};
		26373F95FD2BC71F4F7D7B9A /* ShareManager */ = {
			isa = PBXGroup;
			children = (
				A5CF20A3B96B29465936AFEE /* ADVANCED_SOURCE_DETECTION.md */,
				74EB5150C0D9F2CE8A3FEEA1 /* AppIcon.png */,
				8D5E0EC954632EBA18D90B7B /* AppIconGenerator.swift */,
				5D549118BD86F4068A086100 /* Assets.xcassets */,
				F9872D8F564F43DECA669D2A /* ContentView.swift */,
				3BBD327A9959ED3B45D343C4 /* DATA_EXPLORATION_GUIDE.md */,
				244725878BB72D2D102FCA9F /* EXPLORATION_COMPLETE_SUMMARY.md */,
				C01BABE662A4A12B620A9167 /* generate_icon.py */,
				8F1FC9FE27ECDD5ECB53E929 /* Info.plist */,
				7CD2D8152FABA22FE13AAAFB /* Localizable.xcstrings */,
				7842681959DD896F961A5E17 /* README_ICON.md */,
				F411F14152F290C4C19C83EE /* README_SOURCE_DETECTION.md */,
				33D8DD54310EA569EB129319 /* Settings.bundle */,
				0DE871E55F2A8CE83804710B /* ShareManager.entitlements */,
				BC82A2EB7B0A82D3707A310E /* ShareManagerApp.swift */,
				7054924656E4C9A9987FA009 /* SOURCE_APP_DETECTION.md */,
				467312E298AC84694DC373B9 /* SOURCE_DETECTION_SUMMARY.md */,
				E6D0F5A531CD62494B24A6C6 /* VISUAL_FLOW.txt */,
			);
			path = ShareManager;
			sourceTree = "<group>";
		};
		4E1B4802968353859E7CED5E /* Products */ = {
			isa = PBXGroup;
			children = (
				8D98EB7FEBC75E5BB328B6BA /* ShareExtension.appex */,
				157ABC405EA150CF49419AF0 /* ShareManager.app */,
			);
			name = Products;
			sourceTree = "<group>";
		};
		87F9E8393FE4ED326BA19FA2 = {
			isa = PBXGroup;
			children = (
				02192301E27377FF8434F009 /* ShareExtension */,
				26373F95FD2BC71F4F7D7B9A /* ShareManager */,
				4E1B4802968353859E7CED5E /* Products */,
			);
			sourceTree = "<group>";
		};
/* End PBXGroup section */

/* Begin PBXNativeTarget section */
		416B527457A2734EE6CEE903 /* ShareExtension */ = {
			isa = PBXNativeTarget;
			buildConfigurationList = 5AA1B60DF095606B321C748F /* Build configuration list for PBXNativeTarget "ShareExtension" */;
			buildPhases = (
				6AB45251A5BFAA6D8D15D36C /* Sources */,
				224E3783311F7DDBFD724338 /* Resources */,
			);
			buildRules = (
			);
			dependencies = (
			);
			name = ShareExtension;
			packageProductDependencies = (
			);
			productName = ShareExtension;
			productReference = 8D98EB7FEBC75E5BB328B6BA /* ShareExtension.appex */;
			productType = "com.apple.product-type.app-extension";
		};
		97A3DFB00E90EFF9ADB862AB /* ShareManager */ = {
			isa = PBXNativeTarget;
			buildConfigurationList = 5389CB018A67A1BC69836097 /* Build configuration list for PBXNativeTarget "ShareManager" */;
			buildPhases = (
				F100D00590E14AF7FD50D9C9 /* Sources */,
				93963BCDA37E07D00CDF989D /* Resources */,
				80B89FA1A2A99E71EDC69F4D /* Embed Foundation Extensions */,
			);
			buildRules = (
			);
			dependencies = (
				341E7C2471D8509C3B5B3CFC /* PBXTargetDependency */,
			);
			name = ShareManager;
			packageProductDependencies = (
			);
			productName = ShareManager;
			productReference = 157ABC405EA150CF49419AF0 /* ShareManager.app */;
			productType = "com.apple.product-type.application";
		};
/* End PBXNativeTarget section */

/* Begin PBXProject section */
		855950FC3B74DA3B20CFA8FD /* Project object */ = {
			isa = PBXProject;
			attributes = {
				BuildIndependentTargetsInParallel = YES;
				LastUpgradeCheck = 1430;
				TargetAttributes = {
				};
			};
			buildConfigurationList = D42E73EE13799B9310441635 /* Build configuration list for PBXProject "ShareManager" */;
			developmentRegion = en;
			hasScannedForEncodings = 0;
			knownRegions = (
				Base,
				ar,
				bn,
				ca,
				cs,
				da,
				de,
				el,
				en,
				"en-AU",
				"en-CA",
				"en-GB",
				es,
				"es-MX",
				fi,
				fr,
				"fr-CA",
				gu,
				he,
				hi,
				hr,
				hu,
				id,
				it,
				ja,
				kn,
				ko,
				ml,
				mr,
				ms,
				nb,
				nl,
				or,
				pa,
				pl,
				pt,
				ro,
				ru,
				sk,
				sl,
				sv,
				ta,
				te,
				th,
				tr,
				uk,
				ur,
				vi,
				"zh-Hans",
				"zh-Hant",
			);
			mainGroup = 87F9E8393FE4ED326BA19FA2;
			minimizedProjectReferenceProxies = 1;
			preferredProjectObjectVersion = 77;
			productRefGroup = 4E1B4802968353859E7CED5E /* Products */;
			projectDirPath = "";
			projectRoot = "";
			targets = (
				416B527457A2734EE6CEE903 /* ShareExtension */,
				97A3DFB00E90EFF9ADB862AB /* ShareManager */,
			);
		};
/* End PBXProject section */

/* Begin PBXResourcesBuildPhase section */
		224E3783311F7DDBFD724338 /* Resources */ = {
			isa = PBXResourcesBuildPhase;
			buildActionMask = 2147483647;
			files = (
				CC3D7B3B51888FC57A1E446E /* Localizable.xcstrings in Resources */,
			);
			runOnlyForDeploymentPostprocessing = 0;
		};
		93963BCDA37E07D00CDF989D /* Resources */ = {
			isa = PBXResourcesBuildPhase;
			buildActionMask = 2147483647;
			files = (
				0A08253C257EFA96D872656A /* ADVANCED_SOURCE_DETECTION.md in Resources */,
				A269A5FDC5A0726FDBBDFD6F /* AppIcon.png in Resources */,
				91E95771B724047F7C7C7147 /* Assets.xcassets in Resources */,
				64CDB7C279E2267D2870E0D9 /* DATA_EXPLORATION_GUIDE.md in Resources */,
				5B310E834006A77D38F717AB /* EXPLORATION_COMPLETE_SUMMARY.md in Resources */,
				CD8C4EB8AA56286F4979B828 /* Localizable.xcstrings in Resources */,
				E1EDAA0A3A058ADA5F86F567 /* README_ICON.md in Resources */,
				F25A385CF1CAC22811D7E20A /* README_SOURCE_DETECTION.md in Resources */,
				2A37692E49B7D3607E421AD4 /* SOURCE_APP_DETECTION.md in Resources */,
				432C812830547894541B48BC /* SOURCE_DETECTION_SUMMARY.md in Resources */,
				27863B999F683D7876F90C95 /* Settings.bundle in Resources */,
				E473241D4661EC9329AC60FC /* VISUAL_FLOW.txt in Resources */,
				D78BAD4894E8FD9ED17F0BC6 /* generate_icon.py in Resources */,
			);
			runOnlyForDeploymentPostprocessing = 0;
		};
/* End PBXResourcesBuildPhase section */

/* Begin PBXSourcesBuildPhase section */
		6AB45251A5BFAA6D8D15D36C /* Sources */ = {
			isa = PBXSourcesBuildPhase;
			buildActionMask = 2147483647;
			files = (
				0E0F0FC9DA76762955194DD4 /* ShareViewController.swift in Sources */,
			);
			runOnlyForDeploymentPostprocessing = 0;
		};
		F100D00590E14AF7FD50D9C9 /* Sources */ = {
			isa = PBXSourcesBuildPhase;
			buildActionMask = 2147483647;
			files = (
				8B90D295ED38E0CE280B8CF3 /* AppIconGenerator.swift in Sources */,
				7E1E3BA274687A015FC01638 /* ContentView.swift in Sources */,
				5218969016F6F3E11ADC36E3 /* ShareManagerApp.swift in Sources */,
			);
			runOnlyForDeploymentPostprocessing = 0;
		};
/* End PBXSourcesBuildPhase section */

/* Begin PBXTargetDependency section */
		341E7C2471D8509C3B5B3CFC /* PBXTargetDependency */ = {
			isa = PBXTargetDependency;
			target = 416B527457A2734EE6CEE903 /* ShareExtension */;
			targetProxy = 02CCE7582A5B95BB042B8C12 /* PBXContainerItemProxy */;
		};
/* End PBXTargetDependency section */

/* Begin XCBuildConfiguration section */
		2B9F4B8018F188C1D2946FA7 /* Debug */ = {
			isa = XCBuildConfiguration;
			buildSettings = {
				CODE_SIGN_ENTITLEMENTS = ShareExtension/ShareExtension.entitlements;
				GENERATE_INFOPLIST_FILE = NO;
				INFOPLIST_FILE = ShareExtension/Info.plist;
				IPHONEOS_DEPLOYMENT_TARGET = 17.6;
				LD_RUNPATH_SEARCH_PATHS = (
					"$(inherited)",
					"@executable_path/Frameworks",
					"@executable_path/../../Frameworks",
				);
				PRODUCT_BUNDLE_IDENTIFIER = net.fenyo.apple.sharemanager.shareextension;
				SDKROOT = iphoneos;
				SWIFT_VERSION = 5.9;
				TARGETED_DEVICE_FAMILY = "1,2";
			};
			name = Debug;
		};
		52FF5588673A7EDA16C2C4B6 /* Release */ = {
			isa = XCBuildConfiguration;
			buildSettings = {
				ASSETCATALOG_COMPILER_APPICON_NAME = AppIcon;
				CODE_SIGN_ENTITLEMENTS = ShareManager/ShareManager.entitlements;
				CODE_SIGN_IDENTITY = "iPhone Developer";
				GENERATE_INFOPLIST_FILE = NO;
				INFOPLIST_FILE = ShareManager/Info.plist;
				IPHONEOS_DEPLOYMENT_TARGET = 17.6;
				LD_RUNPATH_SEARCH_PATHS = (
					"$(inherited)",
					"@executable_path/Frameworks",
				);
				PRODUCT_BUNDLE_IDENTIFIER = net.fenyo.apple.sharemanager;
				SDKROOT = iphoneos;
				SWIFT_VERSION = 5.9;
				TARGETED_DEVICE_FAMILY = "1,2";
			};
			name = Release;
		};
		6974EE278A15C900FA47AD4C /* Release */ = {
			isa = XCBuildConfiguration;
			buildSettings = {
				CODE_SIGN_ENTITLEMENTS = ShareExtension/ShareExtension.entitlements;
				GENERATE_INFOPLIST_FILE = NO;
				INFOPLIST_FILE = ShareExtension/Info.plist;
				IPHONEOS_DEPLOYMENT_TARGET = 17.6;
				LD_RUNPATH_SEARCH_PATHS = (
					"$(inherited)",
					"@executable_path/Frameworks",
					"@executable_path/../../Frameworks",
				);
				PRODUCT_BUNDLE_IDENTIFIER = net.fenyo.apple.sharemanager.shareextension;
				SDKROOT = iphoneos;
				SWIFT_VERSION = 5.9;
				TARGETED_DEVICE_FAMILY = "1,2";
			};
			name = Release;
		};
		6CD24D6CB65A9A697AE72D43 /* Release */ = {
			isa = XCBuildConfiguration;
			buildSettings = {
				ALWAYS_SEARCH_USER_PATHS = NO;
				CLANG_ANALYZER_NONNULL = YES;
				CLANG_ANALYZER_NUMBER_OBJECT_CONVERSION = YES_AGGRESSIVE;
				CLANG_CXX_LANGUAGE_STANDARD = "gnu++14";
				CLANG_CXX_LIBRARY = "libc++";
				CLANG_ENABLE_MODULES = YES;
				CLANG_ENABLE_OBJC_ARC = YES;
				CLANG_ENABLE_OBJC_WEAK = YES;
				CLANG_WARN_BLOCK_CAPTURE_AUTORELEASING = YES;
				CLANG_WARN_BOOL_CONVERSION = YES;
				CLANG_WARN_COMMA = YES;
				CLANG_WARN_CONSTANT_CONVERSION = YES;
				CLANG_WARN_DEPRECATED_OBJC_IMPLEMENTATIONS = YES;
				CLANG_WARN_DIRECT_OBJC_ISA_USAGE = YES_ERROR;
				CLANG_WARN_DOCUMENTATION_COMMENTS = YES;
				CLANG_WARN_EMPTY_BODY = YES;
				CLANG_WARN_ENUM_CONVERSION = YES;
				CLANG_WARN_INFINITE_RECURSION = YES;
				CLANG_WARN_INT_CONVERSION = YES;
				CLANG_WARN_NON_LITERAL_NULL_CONVERSION = YES;
				CLANG_WARN_OBJC_IMPLICIT_RETAIN_SELF = YES;
				CLANG_WARN_OBJC_LITERAL_CONVERSION = YES;
				CLANG_WARN_OBJC_ROOT_CLASS = YES_ERROR;
				CLANG_WARN_QUOTED_INCLUDE_IN_FRAMEWORK_HEADER = YES;
				CLANG_WARN_RANGE_LOOP_ANALYSIS = YES;
				CLANG_WARN_STRICT_PROTOTYPES = YES;
				CLANG_WARN_SUSPICIOUS_MOVE = YES;
				CLANG_WARN_UNGUARDED_AVAILABILITY = YES_AGGRESSIVE;
				CLANG_WARN_UNREACHABLE_CODE = YES;
				CLANG_WARN__DUPLICATE_METHOD_MATCH = YES;
				COPY_PHASE_STRIP = NO;
				DEBUG_INFORMATION_FORMAT = "dwarf-with-dsym";
				ENABLE_NS_ASSERTIONS = NO;
				ENABLE_STRICT_OBJC_MSGSEND = YES;
				GCC_C_LANGUAGE_STANDARD = gnu11;
				GCC_NO_COMMON_BLOCKS = YES;
				GCC_WARN_64_TO_32_BIT_CONVERSION = YES;
				GCC_WARN_ABOUT_RETURN_TYPE = YES_ERROR;
				GCC_WARN_UNDECLARED_SELECTOR = YES;
				GCC_WARN_UNINITIALIZED_AUTOS = YES_AGGRESSIVE;
				GCC_WARN_UNUSED_FUNCTION = YES;
				GCC_WARN_UNUSED_VARIABLE = YES;
				IPHONEOS_DEPLOYMENT_TARGET = 17.6;
				MTL_ENABLE_DEBUG_INFO = NO;
				MTL_FAST_MATH = YES;
				PRODUCT_NAME = "$(TARGET_NAME)";
				SDKROOT = iphoneos;
				SWIFT_COMPILATION_MODE = wholemodule;
				SWIFT_OPTIMIZATION_LEVEL = "-O";
				SWIFT_VERSION = 5.0;
			};
			name = Release;
		};
		BF08AAC9DC744E3A140A52A2 /* Debug */ = {
			isa = XCBuildConfiguration;
			buildSettings = {
				ASSETCATALOG_COMPILER_APPICON_NAME = AppIcon;
				CODE_SIGN_ENTITLEMENTS = ShareManager/ShareManager.entitlements;
				CODE_SIGN_IDENTITY = "iPhone Developer";
				GENERATE_INFOPLIST_FILE = NO;
				INFOPLIST_FILE = ShareManager/Info.plist;
				IPHONEOS_DEPLOYMENT_TARGET = 17.6;
				LD_RUNPATH_SEARCH_PATHS = (
					"$(inherited)",
					"@executable_path/Frameworks",
				);
				PRODUCT_BUNDLE_IDENTIFIER = net.fenyo.apple.sharemanager;
				SDKROOT = iphoneos;
				SWIFT_VERSION = 5.9;
				TARGETED_DEVICE_FAMILY = "1,2";
			};
			name = Debug;
		};
		DF175F738DF494672055ACF4 /* Debug */ = {
			isa = XCBuildConfiguration;
			buildSettings = {
				ALWAYS_SEARCH_USER_PATHS = NO;
				CLANG_ANALYZER_NONNULL = YES;
				CLANG_ANALYZER_NUMBER_OBJECT_CONVERSION = YES_AGGRESSIVE;
				CLANG_CXX_LANGUAGE_STANDARD = "gnu++14";
				CLANG_CXX_LIBRARY = "libc++";
				CLANG_ENABLE_MODULES = YES;
				CLANG_ENABLE_OBJC_ARC = YES;
				CLANG_ENABLE_OBJC_WEAK = YES;
				CLANG_WARN_BLOCK_CAPTURE_AUTORELEASING = YES;
				CLANG_WARN_BOOL_CONVERSION = YES;
				CLANG_WARN_COMMA = YES;
				CLANG_WARN_CONSTANT_CONVERSION = YES;
				CLANG_WARN_DEPRECATED_OBJC_IMPLEMENTATIONS = YES;
				CLANG_WARN_DIRECT_OBJC_ISA_USAGE = YES_ERROR;
				CLANG_WARN_DOCUMENTATION_COMMENTS = YES;
				CLANG_WARN_EMPTY_BODY = YES;
				CLANG_WARN_ENUM_CONVERSION = YES;
				CLANG_WARN_INFINITE_RECURSION = YES;
				CLANG_WARN_INT_CONVERSION = YES;
				CLANG_WARN_NON_LITERAL_NULL_CONVERSION = YES;
				CLANG_WARN_OBJC_IMPLICIT_RETAIN_SELF = YES;
				CLANG_WARN_OBJC_LITERAL_CONVERSION = YES;
				CLANG_WARN_OBJC_ROOT_CLASS = YES_ERROR;
				CLANG_WARN_QUOTED_INCLUDE_IN_FRAMEWORK_HEADER = YES;
				CLANG_WARN_RANGE_LOOP_ANALYSIS = YES;
				CLANG_WARN_STRICT_PROTOTYPES = YES;
				CLANG_WARN_SUSPICIOUS_MOVE = YES;
				CLANG_WARN_UNGUARDED_AVAILABILITY = YES_AGGRESSIVE;
				CLANG_WARN_UNREACHABLE_CODE = YES;
				CLANG_WARN__DUPLICATE_METHOD_MATCH = YES;
				COPY_PHASE_STRIP = NO;
				DEBUG_INFORMATION_FORMAT = dwarf;
				ENABLE_STRICT_OBJC_MSGSEND = YES;
				ENABLE_TESTABILITY = YES;
				GCC_C_LANGUAGE_STANDARD = gnu11;
				GCC_DYNAMIC_NO_PIC = NO;
				GCC_NO_COMMON_BLOCKS = YES;
				GCC_OPTIMIZATION_LEVEL = 0;
				GCC_PREPROCESSOR_DEFINITIONS = (
					"$(inherited)",
					"DEBUG=1",
				);
				GCC_WARN_64_TO_32_BIT_CONVERSION = YES;
				GCC_WARN_ABOUT_RETURN_TYPE = YES_ERROR;
				GCC_WARN_UNDECLARED_SELECTOR = YES;
				GCC_WARN_UNINITIALIZED_AUTOS = YES_AGGRESSIVE;
				GCC_WARN_UNUSED_FUNCTION = YES;
				GCC_WARN_UNUSED_VARIABLE = YES;
				IPHONEOS_DEPLOYMENT_TARGET = 17.6;
				MTL_ENABLE_DEBUG_INFO = INCLUDE_SOURCE;
				MTL_FAST_MATH = YES;
				ONLY_ACTIVE_ARCH = YES;
				PRODUCT_NAME = "$(TARGET_NAME)";
				SDKROOT = iphoneos;
				SWIFT_ACTIVE_COMPILATION_CONDITIONS = DEBUG;
				SWIFT_OPTIMIZATION_LEVEL = "-Onone";
				SWIFT_VERSION = 5.0;
			};
			name = Debug;
		};
/* End XCBuildConfiguration section */

/* Begin XCConfigurationList section */
		5389CB018A67A1BC69836097 /* Build configuration list for PBXNativeTarget "ShareManager" */ = {
			isa = XCConfigurationList;
			buildConfigurations = (
				BF08AAC9DC744E3A140A52A2 /* Debug */,
				52FF5588673A7EDA16C2C4B6 /* Release */,
			);
			defaultConfigurationIsVisible = 0;
			defaultConfigurationName = Debug;
		};
		5AA1B60DF095606B321C748F /* Build configuration list for PBXNativeTarget "ShareExtension" */ = {
			isa = XCConfigurationList;
			buildConfigurations = (
				2B9F4B8018F188C1D2946FA7 /* Debug */,
				6974EE278A15C900FA47AD4C /* Release */,
			);
			defaultConfigurationIsVisible = 0;
			defaultConfigurationName = Debug;
		};
		D42E73EE13799B9310441635 /* Build configuration list for PBXProject "ShareManager" */ = {
			isa = XCConfigurationList;
			buildConfigurations = (
				DF175F738DF494672055ACF4 /* Debug */,
				6CD24D6CB65A9A697AE72D43 /* Release */,
			);
			defaultConfigurationIsVisible = 0;
			defaultConfigurationName = Debug;
		};
/* End XCConfigurationList section */
	};
	rootObject = 855950FC3B74DA3B20CFA8FD /* Project object */;
}
