// !$*UTF8*$!
{
	archiveVersion = 1;
	classes = {
	};
	objectVersion = 77;
	objects = {

/* Begin PBXBuildFile section */
		4E0E2115E2539188DFB64B90 /* Localizable.xcstrings in Resources */ = {isa = PBXBuildFile; fileRef = C316293A883D1CF67A362105 /* Localizable.xcstrings */; };
		51412A1C78F7C312D5EB5C3D /* ShareExtension.appex in Embed Foundation Extensions */ = {isa = PBXBuildFile; fileRef = 604A0931B8ACC6B321ED0A26 /* ShareExtension.appex */; settings = {ATTRIBUTES = (RemoveHeadersOnCopy, ); }; };
		745092421830A96F48BE63AF /* Localizable.xcstrings in Resources */ = {isa = PBXBuildFile; fileRef = A088B16210AC977B75574740 /* Localizable.xcstrings */; };
		B46F37276609E4BABAF85862 /* ShareManagerApp.swift in Sources */ = {isa = PBXBuildFile; fileRef = 5BE852A7C9173959F733071B /* ShareManagerApp.swift */; };
		BA086DDC87BA00D0A2C4D931 /* ContentView.swift in Sources */ = {isa = PBXBuildFile; fileRef = 05146A80914C0035E72AC308 /* ContentView.swift */; };
		C7197E054796DFD6A5289E4B /* ShareViewController.swift in Sources */ = {isa = PBXBuildFile; fileRef = D49ED7C032FCA6569457A6F5 /* ShareViewController.swift */; };
		E9A5E82DB38F96CCFF52C38B /* Assets.xcassets in Resources */ = {isa = PBXBuildFile; fileRef = D38FCAD9F692FF75C3BC36B8 /* Assets.xcassets */; };
/* End PBXBuildFile section */

/* Begin PBXContainerItemProxy section */
		B4ADF2BBAC1633B4ADD1D284 /* PBXContainerItemProxy */ = {
			isa = PBXContainerItemProxy;
			containerPortal = 29816CB0E9B46D51B486D989 /* Project object */;
			proxyType = 1;
			remoteGlobalIDString = 9CB5F3BD848E74E08807BDAB;
			remoteInfo = ShareExtension;
		};
/* End PBXContainerItemProxy section */

/* Begin PBXCopyFilesBuildPhase section */
		47C29990D8F5B6557B99C255 /* Embed Foundation Extensions */ = {
			isa = PBXCopyFilesBuildPhase;
			buildActionMask = 2147483647;
			dstPath = "";
			dstSubfolderSpec = 13;
			files = (
				51412A1C78F7C312D5EB5C3D /* ShareExtension.appex in Embed Foundation Extensions */,
			);
			name = "Embed Foundation Extensions";
			runOnlyForDeploymentPostprocessing = 0;
		};
/* End PBXCopyFilesBuildPhase section */

/* Begin PBXFileReference section */
		05146A80914C0035E72AC308 /* ContentView.swift */ = {isa = PBXFileReference; lastKnownFileType = sourcecode.swift; path = ContentView.swift; sourceTree = "<group>"; };
		55C8AE1956815FA49F89016E /* ShareManager.app */ = {isa = PBXFileReference; explicitFileType = wrapper.application; includeInIndex = 0; path = ShareManager.app; sourceTree = BUILT_PRODUCTS_DIR; };
		5BE852A7C9173959F733071B /* ShareManagerApp.swift */ = {isa = PBXFileReference; lastKnownFileType = sourcecode.swift; path = ShareManagerApp.swift; sourceTree = "<group>"; };
		604A0931B8ACC6B321ED0A26 /* ShareExtension.appex */ = {isa = PBXFileReference; explicitFileType = "wrapper.app-extension"; includeInIndex = 0; path = ShareExtension.appex; sourceTree = BUILT_PRODUCTS_DIR; };
		A088B16210AC977B75574740 /* Localizable.xcstrings */ = {isa = PBXFileReference; lastKnownFileType = text.json.xcstrings; path = Localizable.xcstrings; sourceTree = "<group>"; };
		BA6429D9D10009D6D2D8F809 /* Info.plist */ = {isa = PBXFileReference; lastKnownFileType = text.plist; path = Info.plist; sourceTree = "<group>"; };
		C316293A883D1CF67A362105 /* Localizable.xcstrings */ = {isa = PBXFileReference; lastKnownFileType = text.json.xcstrings; path = Localizable.xcstrings; sourceTree = "<group>"; };
		D1DDCD9DA0B39399432D78D2 /* ShareExtension.entitlements */ = {isa = PBXFileReference; lastKnownFileType = text.plist.entitlements; path = ShareExtension.entitlements; sourceTree = "<group>"; };
		D38FCAD9F692FF75C3BC36B8 /* Assets.xcassets */ = {isa = PBXFileReference; lastKnownFileType = folder.assetcatalog; path = Assets.xcassets; sourceTree = "<group>"; };
		D49ED7C032FCA6569457A6F5 /* ShareViewController.swift */ = {isa = PBXFileReference; lastKnownFileType = sourcecode.swift; path = ShareViewController.swift; sourceTree = "<group>"; };
		D681B163D3677D2EAF626592 /* ShareManager.entitlements */ = {isa = PBXFileReference; lastKnownFileType = text.plist.entitlements; path = ShareManager.entitlements; sourceTree = "<group>"; };
		E34A9B48D952527B831632D6 /* Info.plist */ = {isa = PBXFileReference; lastKnownFileType = text.plist; path = Info.plist; sourceTree = "<group>"; };
/* End PBXFileReference section */

/* Begin PBXGroup section */
		2154C35059A75F9A46F89406 = {
			isa = PBXGroup;
			children = (
				9B9AEF510D45054C87B3688E /* ShareExtension */,
				ABE6246CB34D9C3DE7DBEAC1 /* ShareManager */,
				C14992DF2D50218539EDB923 /* Products */,
			);
			sourceTree = "<group>";
		};
		9B9AEF510D45054C87B3688E /* ShareExtension */ = {
			isa = PBXGroup;
			children = (
				BA6429D9D10009D6D2D8F809 /* Info.plist */,
				C316293A883D1CF67A362105 /* Localizable.xcstrings */,
				D1DDCD9DA0B39399432D78D2 /* ShareExtension.entitlements */,
				D49ED7C032FCA6569457A6F5 /* ShareViewController.swift */,
			);
			path = ShareExtension;
			sourceTree = "<group>";
		};
		ABE6246CB34D9C3DE7DBEAC1 /* ShareManager */ = {
			isa = PBXGroup;
			children = (
				D38FCAD9F692FF75C3BC36B8 /* Assets.xcassets */,
				05146A80914C0035E72AC308 /* ContentView.swift */,
				E34A9B48D952527B831632D6 /* Info.plist */,
				A088B16210AC977B75574740 /* Localizable.xcstrings */,
				D681B163D3677D2EAF626592 /* ShareManager.entitlements */,
				5BE852A7C9173959F733071B /* ShareManagerApp.swift */,
			);
			path = ShareManager;
			sourceTree = "<group>";
		};
		C14992DF2D50218539EDB923 /* Products */ = {
			isa = PBXGroup;
			children = (
				604A0931B8ACC6B321ED0A26 /* ShareExtension.appex */,
				55C8AE1956815FA49F89016E /* ShareManager.app */,
			);
			name = Products;
			sourceTree = "<group>";
		};
/* End PBXGroup section */

/* Begin PBXNativeTarget section */
		23AE1EFDC623EC03807AAC1A /* ShareManager */ = {
			isa = PBXNativeTarget;
			buildConfigurationList = EEF794570DFEF893D6712D67 /* Build configuration list for PBXNativeTarget "ShareManager" */;
			buildPhases = (
				8583CDD01DE49C5A4D45B90E /* Sources */,
				84456277FB66593D0A7B9D3E /* Resources */,
				47C29990D8F5B6557B99C255 /* Embed Foundation Extensions */,
			);
			buildRules = (
			);
			dependencies = (
				CE0EE74B7AE610773DBBA6B5 /* PBXTargetDependency */,
			);
			name = ShareManager;
			packageProductDependencies = (
			);
			productName = ShareManager;
			productReference = 55C8AE1956815FA49F89016E /* ShareManager.app */;
			productType = "com.apple.product-type.application";
		};
		9CB5F3BD848E74E08807BDAB /* ShareExtension */ = {
			isa = PBXNativeTarget;
			buildConfigurationList = B29E711E9E11D6C32637F9F7 /* Build configuration list for PBXNativeTarget "ShareExtension" */;
			buildPhases = (
				0925741DD5558BB92C0718E5 /* Sources */,
				2320F5ABC13EA67ED23A3029 /* Resources */,
			);
			buildRules = (
			);
			dependencies = (
			);
			name = ShareExtension;
			packageProductDependencies = (
			);
			productName = ShareExtension;
			productReference = 604A0931B8ACC6B321ED0A26 /* ShareExtension.appex */;
			productType = "com.apple.product-type.app-extension";
		};
/* End PBXNativeTarget section */

/* Begin PBXProject section */
		29816CB0E9B46D51B486D989 /* Project object */ = {
			isa = PBXProject;
			attributes = {
				BuildIndependentTargetsInParallel = YES;
				LastUpgradeCheck = 1430;
			};
			buildConfigurationList = EDFCF6CC18029953F1844590 /* Build configuration list for PBXProject "ShareManager" */;
			developmentRegion = en;
			hasScannedForEncodings = 0;
			knownRegions = (
				Base,
				ar,
				de,
				en,
				es,
				fr,
				it,
				ja,
				ko,
				nl,
				pl,
				pt,
				ru,
				sv,
				tr,
				"zh-Hans",
			);
			mainGroup = 2154C35059A75F9A46F89406;
			minimizedProjectReferenceProxies = 1;
			preferredProjectObjectVersion = 77;
			productRefGroup = C14992DF2D50218539EDB923 /* Products */;
			projectDirPath = "";
			projectRoot = "";
			targets = (
				9CB5F3BD848E74E08807BDAB /* ShareExtension */,
				23AE1EFDC623EC03807AAC1A /* ShareManager */,
			);
		};
/* End PBXProject section */

/* Begin PBXResourcesBuildPhase section */
		2320F5ABC13EA67ED23A3029 /* Resources */ = {
			isa = PBXResourcesBuildPhase;
			buildActionMask = 2147483647;
			files = (
				4E0E2115E2539188DFB64B90 /* Localizable.xcstrings in Resources */,
			);
			runOnlyForDeploymentPostprocessing = 0;
		};
		84456277FB66593D0A7B9D3E /* Resources */ = {
			isa = PBXResourcesBuildPhase;
			buildActionMask = 2147483647;
			files = (
				E9A5E82DB38F96CCFF52C38B /* Assets.xcassets in Resources */,
				745092421830A96F48BE63AF /* Localizable.xcstrings in Resources */,
			);
			runOnlyForDeploymentPostprocessing = 0;
		};
/* End PBXResourcesBuildPhase section */

/* Begin PBXSourcesBuildPhase section */
		0925741DD5558BB92C0718E5 /* Sources */ = {
			isa = PBXSourcesBuildPhase;
			buildActionMask = 2147483647;
			files = (
				C7197E054796DFD6A5289E4B /* ShareViewController.swift in Sources */,
			);
			runOnlyForDeploymentPostprocessing = 0;
		};
		8583CDD01DE49C5A4D45B90E /* Sources */ = {
			isa = PBXSourcesBuildPhase;
			buildActionMask = 2147483647;
			files = (
				BA086DDC87BA00D0A2C4D931 /* ContentView.swift in Sources */,
				B46F37276609E4BABAF85862 /* ShareManagerApp.swift in Sources */,
			);
			runOnlyForDeploymentPostprocessing = 0;
		};
/* End PBXSourcesBuildPhase section */

/* Begin PBXTargetDependency section */
		CE0EE74B7AE610773DBBA6B5 /* PBXTargetDependency */ = {
			isa = PBXTargetDependency;
			target = 9CB5F3BD848E74E08807BDAB /* ShareExtension */;
			targetProxy = B4ADF2BBAC1633B4ADD1D284 /* PBXContainerItemProxy */;
		};
/* End PBXTargetDependency section */

/* Begin XCBuildConfiguration section */
		0D32C74C1CC953BD615F62F6 /* Release */ = {
			isa = XCBuildConfiguration;
			buildSettings = {
				ASSETCATALOG_COMPILER_APPICON_NAME = AppIcon;
				CODE_SIGN_ENTITLEMENTS = ShareManager/ShareManager.entitlements;
				CODE_SIGN_IDENTITY = "iPhone Developer";
				DEVELOPMENT_TEAM = JHZ84Y8364;
				GENERATE_INFOPLIST_FILE = NO;
				INFOPLIST_FILE = ShareManager/Info.plist;
				IPHONEOS_DEPLOYMENT_TARGET = 16.0;
				LD_RUNPATH_SEARCH_PATHS = (
					"$(inherited)",
					"@executable_path/Frameworks",
				);
				PRODUCT_BUNDLE_IDENTIFIER = net.fenyo.apple.sharemanager;
				SDKROOT = iphoneos;
				SWIFT_VERSION = 5.9;
				TARGETED_DEVICE_FAMILY = "1,2";
			};
			name = Release;
		};
		40032BA8B9D274CD3D5C5329 /* Debug */ = {
			isa = XCBuildConfiguration;
			buildSettings = {
				ASSETCATALOG_COMPILER_APPICON_NAME = AppIcon;
				CODE_SIGN_ENTITLEMENTS = ShareManager/ShareManager.entitlements;
				CODE_SIGN_IDENTITY = "iPhone Developer";
				DEVELOPMENT_TEAM = JHZ84Y8364;
				GENERATE_INFOPLIST_FILE = NO;
				INFOPLIST_FILE = ShareManager/Info.plist;
				IPHONEOS_DEPLOYMENT_TARGET = 16.0;
				LD_RUNPATH_SEARCH_PATHS = (
					"$(inherited)",
					"@executable_path/Frameworks",
				);
				PRODUCT_BUNDLE_IDENTIFIER = net.fenyo.apple.sharemanager;
				SDKROOT = iphoneos;
				SWIFT_VERSION = 5.9;
				TARGETED_DEVICE_FAMILY = "1,2";
			};
			name = Debug;
		};
		56C40BCEBE00DB7592CBE46B /* Debug */ = {
			isa = XCBuildConfiguration;
			buildSettings = {
				ALWAYS_SEARCH_USER_PATHS = NO;
				CLANG_ANALYZER_NONNULL = YES;
				CLANG_ANALYZER_NUMBER_OBJECT_CONVERSION = YES_AGGRESSIVE;
				CLANG_CXX_LANGUAGE_STANDARD = "gnu++14";
				CLANG_CXX_LIBRARY = "libc++";
				CLANG_ENABLE_MODULES = YES;
				CLANG_ENABLE_OBJC_ARC = YES;
				CLANG_ENABLE_OBJC_WEAK = YES;
				CLANG_WARN_BLOCK_CAPTURE_AUTORELEASING = YES;
				CLANG_WARN_BOOL_CONVERSION = YES;
				CLANG_WARN_COMMA = YES;
				CLANG_WARN_CONSTANT_CONVERSION = YES;
				CLANG_WARN_DEPRECATED_OBJC_IMPLEMENTATIONS = YES;
				CLANG_WARN_DIRECT_OBJC_ISA_USAGE = YES_ERROR;
				CLANG_WARN_DOCUMENTATION_COMMENTS = YES;
				CLANG_WARN_EMPTY_BODY = YES;
				CLANG_WARN_ENUM_CONVERSION = YES;
				CLANG_WARN_INFINITE_RECURSION = YES;
				CLANG_WARN_INT_CONVERSION = YES;
				CLANG_WARN_NON_LITERAL_NULL_CONVERSION = YES;
				CLANG_WARN_OBJC_IMPLICIT_RETAIN_SELF = YES;
				CLANG_WARN_OBJC_LITERAL_CONVERSION = YES;
				CLANG_WARN_OBJC_ROOT_CLASS = YES_ERROR;
				CLANG_WARN_QUOTED_INCLUDE_IN_FRAMEWORK_HEADER = YES;
				CLANG_WARN_RANGE_LOOP_ANALYSIS = YES;
				CLANG_WARN_STRICT_PROTOTYPES = YES;
				CLANG_WARN_SUSPICIOUS_MOVE = YES;
				CLANG_WARN_UNGUARDED_AVAILABILITY = YES_AGGRESSIVE;
				CLANG_WARN_UNREACHABLE_CODE = YES;
				CLANG_WARN__DUPLICATE_METHOD_MATCH = YES;
				COPY_PHASE_STRIP = NO;
				DEBUG_INFORMATION_FORMAT = dwarf;
				ENABLE_STRICT_OBJC_MSGSEND = YES;
				ENABLE_TESTABILITY = YES;
				GCC_C_LANGUAGE_STANDARD = gnu11;
				GCC_DYNAMIC_NO_PIC = NO;
				GCC_NO_COMMON_BLOCKS = YES;
				GCC_OPTIMIZATION_LEVEL = 0;
				GCC_PREPROCESSOR_DEFINITIONS = (
					"$(inherited)",
					"DEBUG=1",
				);
				GCC_WARN_64_TO_32_BIT_CONVERSION = YES;
				GCC_WARN_ABOUT_RETURN_TYPE = YES_ERROR;
				GCC_WARN_UNDECLARED_SELECTOR = YES;
				GCC_WARN_UNINITIALIZED_AUTOS = YES_AGGRESSIVE;
				GCC_WARN_UNUSED_FUNCTION = YES;
				GCC_WARN_UNUSED_VARIABLE = YES;
				IPHONEOS_DEPLOYMENT_TARGET = 16.0;
				MTL_ENABLE_DEBUG_INFO = INCLUDE_SOURCE;
				MTL_FAST_MATH = YES;
				ONLY_ACTIVE_ARCH = YES;
				PRODUCT_NAME = "$(TARGET_NAME)";
				SDKROOT = iphoneos;
				SWIFT_ACTIVE_COMPILATION_CONDITIONS = DEBUG;
				SWIFT_OPTIMIZATION_LEVEL = "-Onone";
				SWIFT_VERSION = 5.0;
			};
			name = Debug;
		};
		8ED22B60796F3540E69D5D84 /* Release */ = {
			isa = XCBuildConfiguration;
			buildSettings = {
				ALWAYS_SEARCH_USER_PATHS = NO;
				CLANG_ANALYZER_NONNULL = YES;
				CLANG_ANALYZER_NUMBER_OBJECT_CONVERSION = YES_AGGRESSIVE;
				CLANG_CXX_LANGUAGE_STANDARD = "gnu++14";
				CLANG_CXX_LIBRARY = "libc++";
				CLANG_ENABLE_MODULES = YES;
				CLANG_ENABLE_OBJC_ARC = YES;
				CLANG_ENABLE_OBJC_WEAK = YES;
				CLANG_WARN_BLOCK_CAPTURE_AUTORELEASING = YES;
				CLANG_WARN_BOOL_CONVERSION = YES;
				CLANG_WARN_COMMA = YES;
				CLANG_WARN_CONSTANT_CONVERSION = YES;
				CLANG_WARN_DEPRECATED_OBJC_IMPLEMENTATIONS = YES;
				CLANG_WARN_DIRECT_OBJC_ISA_USAGE = YES_ERROR;
				CLANG_WARN_DOCUMENTATION_COMMENTS = YES;
				CLANG_WARN_EMPTY_BODY = YES;
				CLANG_WARN_ENUM_CONVERSION = YES;
				CLANG_WARN_INFINITE_RECURSION = YES;
				CLANG_WARN_INT_CONVERSION = YES;
				CLANG_WARN_NON_LITERAL_NULL_CONVERSION = YES;
				CLANG_WARN_OBJC_IMPLICIT_RETAIN_SELF = YES;
				CLANG_WARN_OBJC_LITERAL_CONVERSION = YES;
				CLANG_WARN_OBJC_ROOT_CLASS = YES_ERROR;
				CLANG_WARN_QUOTED_INCLUDE_IN_FRAMEWORK_HEADER = YES;
				CLANG_WARN_RANGE_LOOP_ANALYSIS = YES;
				CLANG_WARN_STRICT_PROTOTYPES = YES;
				CLANG_WARN_SUSPICIOUS_MOVE = YES;
				CLANG_WARN_UNGUARDED_AVAILABILITY = YES_AGGRESSIVE;
				CLANG_WARN_UNREACHABLE_CODE = YES;
				CLANG_WARN__DUPLICATE_METHOD_MATCH = YES;
				COPY_PHASE_STRIP = NO;
				DEBUG_INFORMATION_FORMAT = "dwarf-with-dsym";
				ENABLE_NS_ASSERTIONS = NO;
				ENABLE_STRICT_OBJC_MSGSEND = YES;
				GCC_C_LANGUAGE_STANDARD = gnu11;
				GCC_NO_COMMON_BLOCKS = YES;
				GCC_WARN_64_TO_32_BIT_CONVERSION = YES;
				GCC_WARN_ABOUT_RETURN_TYPE = YES_ERROR;
				GCC_WARN_UNDECLARED_SELECTOR = YES;
				GCC_WARN_UNINITIALIZED_AUTOS = YES_AGGRESSIVE;
				GCC_WARN_UNUSED_FUNCTION = YES;
				GCC_WARN_UNUSED_VARIABLE = YES;
				IPHONEOS_DEPLOYMENT_TARGET = 16.0;
				MTL_ENABLE_DEBUG_INFO = NO;
				MTL_FAST_MATH = YES;
				PRODUCT_NAME = "$(TARGET_NAME)";
				SDKROOT = iphoneos;
				SWIFT_COMPILATION_MODE = wholemodule;
				SWIFT_OPTIMIZATION_LEVEL = "-O";
				SWIFT_VERSION = 5.0;
			};
			name = Release;
		};
		BB1AE8FBD6BE9557BA7074EE /* Debug */ = {
			isa = XCBuildConfiguration;
			buildSettings = {
				CODE_SIGN_ENTITLEMENTS = ShareExtension/ShareExtension.entitlements;
				DEVELOPMENT_TEAM = JHZ84Y8364;
				GENERATE_INFOPLIST_FILE = NO;
				INFOPLIST_FILE = ShareExtension/Info.plist;
				IPHONEOS_DEPLOYMENT_TARGET = 16.0;
				LD_RUNPATH_SEARCH_PATHS = (
					"$(inherited)",
					"@executable_path/Frameworks",
					"@executable_path/../../Frameworks",
				);
				PRODUCT_BUNDLE_IDENTIFIER = net.fenyo.apple.sharemanager.shareextension;
				SDKROOT = iphoneos;
				SWIFT_VERSION = 5.9;
				TARGETED_DEVICE_FAMILY = "1,2";
			};
			name = Debug;
		};
		CF768AD6B01953FA9E973DD9 /* Release */ = {
			isa = XCBuildConfiguration;
			buildSettings = {
				CODE_SIGN_ENTITLEMENTS = ShareExtension/ShareExtension.entitlements;
				DEVELOPMENT_TEAM = JHZ84Y8364;
				GENERATE_INFOPLIST_FILE = NO;
				INFOPLIST_FILE = ShareExtension/Info.plist;
				IPHONEOS_DEPLOYMENT_TARGET = 16.0;
				LD_RUNPATH_SEARCH_PATHS = (
					"$(inherited)",
					"@executable_path/Frameworks",
					"@executable_path/../../Frameworks",
				);
				PRODUCT_BUNDLE_IDENTIFIER = net.fenyo.apple.sharemanager.shareextension;
				SDKROOT = iphoneos;
				SWIFT_VERSION = 5.9;
				TARGETED_DEVICE_FAMILY = "1,2";
			};
			name = Release;
		};
/* End XCBuildConfiguration section */

/* Begin XCConfigurationList section */
		B29E711E9E11D6C32637F9F7 /* Build configuration list for PBXNativeTarget "ShareExtension" */ = {
			isa = XCConfigurationList;
			buildConfigurations = (
				BB1AE8FBD6BE9557BA7074EE /* Debug */,
				CF768AD6B01953FA9E973DD9 /* Release */,
			);
			defaultConfigurationIsVisible = 0;
			defaultConfigurationName = Debug;
		};
		EDFCF6CC18029953F1844590 /* Build configuration list for PBXProject "ShareManager" */ = {
			isa = XCConfigurationList;
			buildConfigurations = (
				56C40BCEBE00DB7592CBE46B /* Debug */,
				8ED22B60796F3540E69D5D84 /* Release */,
			);
			defaultConfigurationIsVisible = 0;
			defaultConfigurationName = Debug;
		};
		EEF794570DFEF893D6712D67 /* Build configuration list for PBXNativeTarget "ShareManager" */ = {
			isa = XCConfigurationList;
			buildConfigurations = (
				40032BA8B9D274CD3D5C5329 /* Debug */,
				0D32C74C1CC953BD615F62F6 /* Release */,
			);
			defaultConfigurationIsVisible = 0;
			defaultConfigurationName = Debug;
		};
/* End XCConfigurationList section */
	};
	rootObject = 29816CB0E9B46D51B486D989 /* Project object */;
}
